# This file is automatically @generated by Wally.
# It is not intended for manual editing.
registry = "test"

[[package]]
name = "lucasmzreal/fastsignal"
version = "10.2.1"
dependencies = []

[[package]]
name = "ruizukun-dev/promise"
version = "4.0.3"
dependencies = []

[[package]]
name = "synthranger/fard"
version = "0.1.0"
dependencies = [["Network", "synthranger/network@1.0.3"], ["Viewmodel", "synthranger/viewmodel@0.1.0"]]

[[package]]
name = "synthranger/network"
version = "1.0.3"
dependencies = [["FastSignal", "lucasmzreal/fastsignal@10.2.1"], ["Promise", "ruizukun-dev/promise@4.0.3"]]

[[package]]
name = "synthranger/viewmodel"
version = "0.1.0"
dependencies = []
